
Microsoft Visual Studio Solution File, Format Version 12.00
# Visual Studio Version 16
VisualStudioVersion = 16.0.29721.120
MinimumVisualStudioVersion = 10.0.40219.1
Project("{9A19103F-16F7-4668-BE54-9A1E7A4F7556}") = "ViaticosWeb", "ViaticosWeb\ViaticosWeb.csproj", "{A28867CA-F3EC-462C-9DB1-A076834F06EA}"
	ProjectSection(ProjectDependencies) = postProject
		{C4D16617-A7C0-4DDE-B31F-88C009916420} = {C4D16617-A7C0-4DDE-B31F-88C009916420}
	EndProjectSection
EndProject
Project("{9A19103F-16F7-4668-BE54-9A1E7A4F7556}") = "Viaticos.Prism", "ViaticosPrism\ViaticosPrism\Viaticos.Prism.csproj", "{E7330956-4B23-4F19-A0B1-7E8D0DD46C1D}"
	ProjectSection(ProjectDependencies) = postProject
		{C4D16617-A7C0-4DDE-B31F-88C009916420} = {C4D16617-A7C0-4DDE-B31F-88C009916420}
	EndProjectSection
EndProject
Project("{FAE04EC0-301F-11D3-BF4B-00C04F79EFBC}") = "Viaticos.Prism.Android", "ViaticosPrism\ViaticosPrism.Android\Viaticos.Prism.Android.csproj", "{1257456D-55FC-481B-A830-6B3766B8D69B}"
EndProject
Project("{FAE04EC0-301F-11D3-BF4B-00C04F79EFBC}") = "Viaticos.Prism.iOS", "ViaticosPrism\ViaticosPrism.iOS\Viaticos.Prism.iOS.csproj", "{C35E4223-F397-480E-B837-F9ACCA97AFD3}"
EndProject
Project("{FAE04EC0-301F-11D3-BF4B-00C04F79EFBC}") = "Viaticos.Cross.Android", "Viaticos.Cross.Android\Viaticos.Cross.Android.csproj", "{0BC09E6C-6E14-4BEB-9C79-17CBD7C6E6E9}"
EndProject
Project("{FAE04EC0-301F-11D3-BF4B-00C04F79EFBC}") = "Viaticos.Cross.iOS", "Viaticos.Cross.iOS\Viaticos.Cross.iOS.csproj", "{FC099552-2820-4E07-881C-93F60F08FC90}"
EndProject
Project("{9A19103F-16F7-4668-BE54-9A1E7A4F7556}") = "Viaticos.Common", "Viaticos.Common\Viaticos.Common.csproj", "{C4D16617-A7C0-4DDE-B31F-88C009916420}"
EndProject
Global
	GlobalSection(SolutionConfigurationPlatforms) = preSolution
		Ad-Hoc|Any CPU = Ad-Hoc|Any CPU
		Ad-Hoc|iPhone = Ad-Hoc|iPhone
		Ad-Hoc|iPhoneSimulator = Ad-Hoc|iPhoneSimulator
		AppStore|Any CPU = AppStore|Any CPU
		AppStore|iPhone = AppStore|iPhone
		AppStore|iPhoneSimulator = AppStore|iPhoneSimulator
		Debug|Any CPU = Debug|Any CPU
		Debug|iPhone = Debug|iPhone
		Debug|iPhoneSimulator = Debug|iPhoneSimulator
		Release|Any CPU = Release|Any CPU
		Release|iPhone = Release|iPhone
		Release|iPhoneSimulator = Release|iPhoneSimulator
	EndGlobalSection
	GlobalSection(ProjectConfigurationPlatforms) = postSolution
		{A28867CA-F3EC-462C-9DB1-A076834F06EA}.Ad-Hoc|Any CPU.ActiveCfg = Debug|Any CPU
		{A28867CA-F3EC-462C-9DB1-A076834F06EA}.Ad-Hoc|Any CPU.Build.0 = Debug|Any CPU
		{A28867CA-F3EC-462C-9DB1-A076834F06EA}.Ad-Hoc|iPhone.ActiveCfg = Debug|Any CPU
		{A28867CA-F3EC-462C-9DB1-A076834F06EA}.Ad-Hoc|iPhone.Build.0 = Debug|Any CPU
		{A28867CA-F3EC-462C-9DB1-A076834F06EA}.Ad-Hoc|iPhoneSimulator.ActiveCfg = Debug|Any CPU
		{A28867CA-F3EC-462C-9DB1-A076834F06EA}.Ad-Hoc|iPhoneSimulator.Build.0 = Debug|Any CPU
		{A28867CA-F3EC-462C-9DB1-A076834F06EA}.AppStore|Any CPU.ActiveCfg = Debug|Any CPU
		{A28867CA-F3EC-462C-9DB1-A076834F06EA}.AppStore|Any CPU.Build.0 = Debug|Any CPU
		{A28867CA-F3EC-462C-9DB1-A076834F06EA}.AppStore|iPhone.ActiveCfg = Debug|Any CPU
		{A28867CA-F3EC-462C-9DB1-A076834F06EA}.AppStore|iPhone.Build.0 = Debug|Any CPU
		{A28867CA-F3EC-462C-9DB1-A076834F06EA}.AppStore|iPhoneSimulator.ActiveCfg = Debug|Any CPU
		{A28867CA-F3EC-462C-9DB1-A076834F06EA}.AppStore|iPhoneSimulator.Build.0 = Debug|Any CPU
		{A28867CA-F3EC-462C-9DB1-A076834F06EA}.Debug|Any CPU.ActiveCfg = Debug|Any CPU
		{A28867CA-F3EC-462C-9DB1-A076834F06EA}.Debug|Any CPU.Build.0 = Debug|Any CPU
		{A28867CA-F3EC-462C-9DB1-A076834F06EA}.Debug|iPhone.ActiveCfg = Debug|Any CPU
		{A28867CA-F3EC-462C-9DB1-A076834F06EA}.Debug|iPhone.Build.0 = Debug|Any CPU
		{A28867CA-F3EC-462C-9DB1-A076834F06EA}.Debug|iPhoneSimulator.ActiveCfg = Debug|Any CPU
		{A28867CA-F3EC-462C-9DB1-A076834F06EA}.Debug|iPhoneSimulator.Build.0 = Debug|Any CPU
		{A28867CA-F3EC-462C-9DB1-A076834F06EA}.Release|Any CPU.ActiveCfg = Release|Any CPU
		{A28867CA-F3EC-462C-9DB1-A076834F06EA}.Release|Any CPU.Build.0 = Release|Any CPU
		{A28867CA-F3EC-462C-9DB1-A076834F06EA}.Release|iPhone.ActiveCfg = Release|Any CPU
		{A28867CA-F3EC-462C-9DB1-A076834F06EA}.Release|iPhone.Build.0 = Release|Any CPU
		{A28867CA-F3EC-462C-9DB1-A076834F06EA}.Release|iPhoneSimulator.ActiveCfg = Release|Any CPU
		{A28867CA-F3EC-462C-9DB1-A076834F06EA}.Release|iPhoneSimulator.Build.0 = Release|Any CPU
		{E7330956-4B23-4F19-A0B1-7E8D0DD46C1D}.Ad-Hoc|Any CPU.ActiveCfg = Debug|Any CPU
		{E7330956-4B23-4F19-A0B1-7E8D0DD46C1D}.Ad-Hoc|Any CPU.Build.0 = Debug|Any CPU
		{E7330956-4B23-4F19-A0B1-7E8D0DD46C1D}.Ad-Hoc|iPhone.ActiveCfg = Debug|Any CPU
		{E7330956-4B23-4F19-A0B1-7E8D0DD46C1D}.Ad-Hoc|iPhone.Build.0 = Debug|Any CPU
		{E7330956-4B23-4F19-A0B1-7E8D0DD46C1D}.Ad-Hoc|iPhoneSimulator.ActiveCfg = Debug|Any CPU
		{E7330956-4B23-4F19-A0B1-7E8D0DD46C1D}.Ad-Hoc|iPhoneSimulator.Build.0 = Debug|Any CPU
		{E7330956-4B23-4F19-A0B1-7E8D0DD46C1D}.AppStore|Any CPU.ActiveCfg = Debug|Any CPU
		{E7330956-4B23-4F19-A0B1-7E8D0DD46C1D}.AppStore|Any CPU.Build.0 = Debug|Any CPU
		{E7330956-4B23-4F19-A0B1-7E8D0DD46C1D}.AppStore|iPhone.ActiveCfg = Debug|Any CPU
		{E7330956-4B23-4F19-A0B1-7E8D0DD46C1D}.AppStore|iPhone.Build.0 = Debug|Any CPU
		{E7330956-4B23-4F19-A0B1-7E8D0DD46C1D}.AppStore|iPhoneSimulator.ActiveCfg = Debug|Any CPU
		{E7330956-4B23-4F19-A0B1-7E8D0DD46C1D}.AppStore|iPhoneSimulator.Build.0 = Debug|Any CPU
		{E7330956-4B23-4F19-A0B1-7E8D0DD46C1D}.Debug|Any CPU.ActiveCfg = Debug|Any CPU
		{E7330956-4B23-4F19-A0B1-7E8D0DD46C1D}.Debug|Any CPU.Build.0 = Debug|Any CPU
		{E7330956-4B23-4F19-A0B1-7E8D0DD46C1D}.Debug|iPhone.ActiveCfg = Debug|Any CPU
		{E7330956-4B23-4F19-A0B1-7E8D0DD46C1D}.Debug|iPhone.Build.0 = Debug|Any CPU
		{E7330956-4B23-4F19-A0B1-7E8D0DD46C1D}.Debug|iPhoneSimulator.ActiveCfg = Debug|Any CPU
		{E7330956-4B23-4F19-A0B1-7E8D0DD46C1D}.Debug|iPhoneSimulator.Build.0 = Debug|Any CPU
		{E7330956-4B23-4F19-A0B1-7E8D0DD46C1D}.Release|Any CPU.ActiveCfg = Release|Any CPU
		{E7330956-4B23-4F19-A0B1-7E8D0DD46C1D}.Release|Any CPU.Build.0 = Release|Any CPU
		{E7330956-4B23-4F19-A0B1-7E8D0DD46C1D}.Release|iPhone.ActiveCfg = Release|Any CPU
		{E7330956-4B23-4F19-A0B1-7E8D0DD46C1D}.Release|iPhone.Build.0 = Release|Any CPU
		{E7330956-4B23-4F19-A0B1-7E8D0DD46C1D}.Release|iPhoneSimulator.ActiveCfg = Release|Any CPU
		{E7330956-4B23-4F19-A0B1-7E8D0DD46C1D}.Release|iPhoneSimulator.Build.0 = Release|Any CPU
		{1257456D-55FC-481B-A830-6B3766B8D69B}.Ad-Hoc|Any CPU.ActiveCfg = Release|Any CPU
		{1257456D-55FC-481B-A830-6B3766B8D69B}.Ad-Hoc|Any CPU.Build.0 = Release|Any CPU
		{1257456D-55FC-481B-A830-6B3766B8D69B}.Ad-Hoc|Any CPU.Deploy.0 = Release|Any CPU
		{1257456D-55FC-481B-A830-6B3766B8D69B}.Ad-Hoc|iPhone.ActiveCfg = Release|Any CPU
		{1257456D-55FC-481B-A830-6B3766B8D69B}.Ad-Hoc|iPhone.Build.0 = Release|Any CPU
		{1257456D-55FC-481B-A830-6B3766B8D69B}.Ad-Hoc|iPhone.Deploy.0 = Release|Any CPU
		{1257456D-55FC-481B-A830-6B3766B8D69B}.Ad-Hoc|iPhoneSimulator.ActiveCfg = Release|Any CPU
		{1257456D-55FC-481B-A830-6B3766B8D69B}.Ad-Hoc|iPhoneSimulator.Build.0 = Release|Any CPU
		{1257456D-55FC-481B-A830-6B3766B8D69B}.Ad-Hoc|iPhoneSimulator.Deploy.0 = Release|Any CPU
		{1257456D-55FC-481B-A830-6B3766B8D69B}.AppStore|Any CPU.ActiveCfg = Release|Any CPU
		{1257456D-55FC-481B-A830-6B3766B8D69B}.AppStore|Any CPU.Build.0 = Release|Any CPU
		{1257456D-55FC-481B-A830-6B3766B8D69B}.AppStore|Any CPU.Deploy.0 = Release|Any CPU
		{1257456D-55FC-481B-A830-6B3766B8D69B}.AppStore|iPhone.ActiveCfg = Release|Any CPU
		{1257456D-55FC-481B-A830-6B3766B8D69B}.AppStore|iPhone.Build.0 = Release|Any CPU
		{1257456D-55FC-481B-A830-6B3766B8D69B}.AppStore|iPhone.Deploy.0 = Release|Any CPU
		{1257456D-55FC-481B-A830-6B3766B8D69B}.AppStore|iPhoneSimulator.ActiveCfg = Release|Any CPU
		{1257456D-55FC-481B-A830-6B3766B8D69B}.AppStore|iPhoneSimulator.Build.0 = Release|Any CPU
		{1257456D-55FC-481B-A830-6B3766B8D69B}.AppStore|iPhoneSimulator.Deploy.0 = Release|Any CPU
		{1257456D-55FC-481B-A830-6B3766B8D69B}.Debug|Any CPU.ActiveCfg = Debug|Any CPU
		{1257456D-55FC-481B-A830-6B3766B8D69B}.Debug|Any CPU.Build.0 = Debug|Any CPU
		{1257456D-55FC-481B-A830-6B3766B8D69B}.Debug|Any CPU.Deploy.0 = Debug|Any CPU
		{1257456D-55FC-481B-A830-6B3766B8D69B}.Debug|iPhone.ActiveCfg = Debug|Any CPU
		{1257456D-55FC-481B-A830-6B3766B8D69B}.Debug|iPhone.Build.0 = Debug|Any CPU
		{1257456D-55FC-481B-A830-6B3766B8D69B}.Debug|iPhone.Deploy.0 = Debug|Any CPU
		{1257456D-55FC-481B-A830-6B3766B8D69B}.Debug|iPhoneSimulator.ActiveCfg = Debug|Any CPU
		{1257456D-55FC-481B-A830-6B3766B8D69B}.Debug|iPhoneSimulator.Build.0 = Debug|Any CPU
		{1257456D-55FC-481B-A830-6B3766B8D69B}.Debug|iPhoneSimulator.Deploy.0 = Debug|Any CPU
		{1257456D-55FC-481B-A830-6B3766B8D69B}.Release|Any CPU.ActiveCfg = Release|Any CPU
		{1257456D-55FC-481B-A830-6B3766B8D69B}.Release|Any CPU.Build.0 = Release|Any CPU
		{1257456D-55FC-481B-A830-6B3766B8D69B}.Release|Any CPU.Deploy.0 = Release|Any CPU
		{1257456D-55FC-481B-A830-6B3766B8D69B}.Release|iPhone.ActiveCfg = Release|Any CPU
		{1257456D-55FC-481B-A830-6B3766B8D69B}.Release|iPhone.Build.0 = Release|Any CPU
		{1257456D-55FC-481B-A830-6B3766B8D69B}.Release|iPhone.Deploy.0 = Release|Any CPU
		{1257456D-55FC-481B-A830-6B3766B8D69B}.Release|iPhoneSimulator.ActiveCfg = Release|Any CPU
		{1257456D-55FC-481B-A830-6B3766B8D69B}.Release|iPhoneSimulator.Build.0 = Release|Any CPU
		{1257456D-55FC-481B-A830-6B3766B8D69B}.Release|iPhoneSimulator.Deploy.0 = Release|Any CPU
		{C35E4223-F397-480E-B837-F9ACCA97AFD3}.Ad-Hoc|Any CPU.ActiveCfg = Ad-Hoc|iPhone
		{C35E4223-F397-480E-B837-F9ACCA97AFD3}.Ad-Hoc|iPhone.ActiveCfg = Ad-Hoc|iPhone
		{C35E4223-F397-480E-B837-F9ACCA97AFD3}.Ad-Hoc|iPhone.Build.0 = Ad-Hoc|iPhone
		{C35E4223-F397-480E-B837-F9ACCA97AFD3}.Ad-Hoc|iPhoneSimulator.ActiveCfg = Ad-Hoc|iPhoneSimulator
		{C35E4223-F397-480E-B837-F9ACCA97AFD3}.Ad-Hoc|iPhoneSimulator.Build.0 = Ad-Hoc|iPhoneSimulator
		{C35E4223-F397-480E-B837-F9ACCA97AFD3}.AppStore|Any CPU.ActiveCfg = AppStore|iPhone
		{C35E4223-F397-480E-B837-F9ACCA97AFD3}.AppStore|iPhone.ActiveCfg = AppStore|iPhone
		{C35E4223-F397-480E-B837-F9ACCA97AFD3}.AppStore|iPhone.Build.0 = AppStore|iPhone
		{C35E4223-F397-480E-B837-F9ACCA97AFD3}.AppStore|iPhoneSimulator.ActiveCfg = AppStore|iPhoneSimulator
		{C35E4223-F397-480E-B837-F9ACCA97AFD3}.AppStore|iPhoneSimulator.Build.0 = AppStore|iPhoneSimulator
		{C35E4223-F397-480E-B837-F9ACCA97AFD3}.Debug|Any CPU.ActiveCfg = Debug|iPhone
		{C35E4223-F397-480E-B837-F9ACCA97AFD3}.Debug|iPhone.ActiveCfg = Debug|iPhone
		{C35E4223-F397-480E-B837-F9ACCA97AFD3}.Debug|iPhone.Build.0 = Debug|iPhone
		{C35E4223-F397-480E-B837-F9ACCA97AFD3}.Debug|iPhoneSimulator.ActiveCfg = Debug|iPhoneSimulator
		{C35E4223-F397-480E-B837-F9ACCA97AFD3}.Debug|iPhoneSimulator.Build.0 = Debug|iPhoneSimulator
		{C35E4223-F397-480E-B837-F9ACCA97AFD3}.Release|Any CPU.ActiveCfg = Release|iPhone
		{C35E4223-F397-480E-B837-F9ACCA97AFD3}.Release|iPhone.ActiveCfg = Release|iPhone
		{C35E4223-F397-480E-B837-F9ACCA97AFD3}.Release|iPhone.Build.0 = Release|iPhone
		{C35E4223-F397-480E-B837-F9ACCA97AFD3}.Release|iPhoneSimulator.ActiveCfg = Release|iPhoneSimulator
		{C35E4223-F397-480E-B837-F9ACCA97AFD3}.Release|iPhoneSimulator.Build.0 = Release|iPhoneSimulator
		{0BC09E6C-6E14-4BEB-9C79-17CBD7C6E6E9}.Ad-Hoc|Any CPU.ActiveCfg = Release|Any CPU
		{0BC09E6C-6E14-4BEB-9C79-17CBD7C6E6E9}.Ad-Hoc|Any CPU.Build.0 = Release|Any CPU
		{0BC09E6C-6E14-4BEB-9C79-17CBD7C6E6E9}.Ad-Hoc|Any CPU.Deploy.0 = Release|Any CPU
		{0BC09E6C-6E14-4BEB-9C79-17CBD7C6E6E9}.Ad-Hoc|iPhone.ActiveCfg = Release|Any CPU
		{0BC09E6C-6E14-4BEB-9C79-17CBD7C6E6E9}.Ad-Hoc|iPhone.Build.0 = Release|Any CPU
		{0BC09E6C-6E14-4BEB-9C79-17CBD7C6E6E9}.Ad-Hoc|iPhone.Deploy.0 = Release|Any CPU
		{0BC09E6C-6E14-4BEB-9C79-17CBD7C6E6E9}.Ad-Hoc|iPhoneSimulator.ActiveCfg = Release|Any CPU
		{0BC09E6C-6E14-4BEB-9C79-17CBD7C6E6E9}.Ad-Hoc|iPhoneSimulator.Build.0 = Release|Any CPU
		{0BC09E6C-6E14-4BEB-9C79-17CBD7C6E6E9}.Ad-Hoc|iPhoneSimulator.Deploy.0 = Release|Any CPU
		{0BC09E6C-6E14-4BEB-9C79-17CBD7C6E6E9}.AppStore|Any CPU.ActiveCfg = Release|Any CPU
		{0BC09E6C-6E14-4BEB-9C79-17CBD7C6E6E9}.AppStore|Any CPU.Build.0 = Release|Any CPU
		{0BC09E6C-6E14-4BEB-9C79-17CBD7C6E6E9}.AppStore|Any CPU.Deploy.0 = Release|Any CPU
		{0BC09E6C-6E14-4BEB-9C79-17CBD7C6E6E9}.AppStore|iPhone.ActiveCfg = Release|Any CPU
		{0BC09E6C-6E14-4BEB-9C79-17CBD7C6E6E9}.AppStore|iPhone.Build.0 = Release|Any CPU
		{0BC09E6C-6E14-4BEB-9C79-17CBD7C6E6E9}.AppStore|iPhone.Deploy.0 = Release|Any CPU
		{0BC09E6C-6E14-4BEB-9C79-17CBD7C6E6E9}.AppStore|iPhoneSimulator.ActiveCfg = Release|Any CPU
		{0BC09E6C-6E14-4BEB-9C79-17CBD7C6E6E9}.AppStore|iPhoneSimulator.Build.0 = Release|Any CPU
		{0BC09E6C-6E14-4BEB-9C79-17CBD7C6E6E9}.AppStore|iPhoneSimulator.Deploy.0 = Release|Any CPU
		{0BC09E6C-6E14-4BEB-9C79-17CBD7C6E6E9}.Debug|Any CPU.ActiveCfg = Debug|Any CPU
		{0BC09E6C-6E14-4BEB-9C79-17CBD7C6E6E9}.Debug|Any CPU.Build.0 = Debug|Any CPU
		{0BC09E6C-6E14-4BEB-9C79-17CBD7C6E6E9}.Debug|Any CPU.Deploy.0 = Debug|Any CPU
		{0BC09E6C-6E14-4BEB-9C79-17CBD7C6E6E9}.Debug|iPhone.ActiveCfg = Debug|Any CPU
		{0BC09E6C-6E14-4BEB-9C79-17CBD7C6E6E9}.Debug|iPhone.Build.0 = Debug|Any CPU
		{0BC09E6C-6E14-4BEB-9C79-17CBD7C6E6E9}.Debug|iPhone.Deploy.0 = Debug|Any CPU
		{0BC09E6C-6E14-4BEB-9C79-17CBD7C6E6E9}.Debug|iPhoneSimulator.ActiveCfg = Debug|Any CPU
		{0BC09E6C-6E14-4BEB-9C79-17CBD7C6E6E9}.Debug|iPhoneSimulator.Build.0 = Debug|Any CPU
		{0BC09E6C-6E14-4BEB-9C79-17CBD7C6E6E9}.Debug|iPhoneSimulator.Deploy.0 = Debug|Any CPU
		{0BC09E6C-6E14-4BEB-9C79-17CBD7C6E6E9}.Release|Any CPU.ActiveCfg = Release|Any CPU
		{0BC09E6C-6E14-4BEB-9C79-17CBD7C6E6E9}.Release|Any CPU.Build.0 = Release|Any CPU
		{0BC09E6C-6E14-4BEB-9C79-17CBD7C6E6E9}.Release|Any CPU.Deploy.0 = Release|Any CPU
		{0BC09E6C-6E14-4BEB-9C79-17CBD7C6E6E9}.Release|iPhone.ActiveCfg = Release|Any CPU
		{0BC09E6C-6E14-4BEB-9C79-17CBD7C6E6E9}.Release|iPhone.Build.0 = Release|Any CPU
		{0BC09E6C-6E14-4BEB-9C79-17CBD7C6E6E9}.Release|iPhone.Deploy.0 = Release|Any CPU
		{0BC09E6C-6E14-4BEB-9C79-17CBD7C6E6E9}.Release|iPhoneSimulator.ActiveCfg = Release|Any CPU
		{0BC09E6C-6E14-4BEB-9C79-17CBD7C6E6E9}.Release|iPhoneSimulator.Build.0 = Release|Any CPU
		{0BC09E6C-6E14-4BEB-9C79-17CBD7C6E6E9}.Release|iPhoneSimulator.Deploy.0 = Release|Any CPU
		{FC099552-2820-4E07-881C-93F60F08FC90}.Ad-Hoc|Any CPU.ActiveCfg = Release|iPhone
		{FC099552-2820-4E07-881C-93F60F08FC90}.Ad-Hoc|Any CPU.Build.0 = Release|iPhone
		{FC099552-2820-4E07-881C-93F60F08FC90}.Ad-Hoc|iPhone.ActiveCfg = Release|iPhone
		{FC099552-2820-4E07-881C-93F60F08FC90}.Ad-Hoc|iPhone.Build.0 = Release|iPhone
		{FC099552-2820-4E07-881C-93F60F08FC90}.Ad-Hoc|iPhoneSimulator.ActiveCfg = Release|iPhoneSimulator
		{FC099552-2820-4E07-881C-93F60F08FC90}.Ad-Hoc|iPhoneSimulator.Build.0 = Release|iPhoneSimulator
		{FC099552-2820-4E07-881C-93F60F08FC90}.AppStore|Any CPU.ActiveCfg = Release|iPhone
		{FC099552-2820-4E07-881C-93F60F08FC90}.AppStore|Any CPU.Build.0 = Release|iPhone
		{FC099552-2820-4E07-881C-93F60F08FC90}.AppStore|iPhone.ActiveCfg = Release|iPhone
		{FC099552-2820-4E07-881C-93F60F08FC90}.AppStore|iPhone.Build.0 = Release|iPhone
		{FC099552-2820-4E07-881C-93F60F08FC90}.AppStore|iPhoneSimulator.ActiveCfg = Release|iPhoneSimulator
		{FC099552-2820-4E07-881C-93F60F08FC90}.AppStore|iPhoneSimulator.Build.0 = Release|iPhoneSimulator
		{FC099552-2820-4E07-881C-93F60F08FC90}.Debug|Any CPU.ActiveCfg = Debug|iPhone
		{FC099552-2820-4E07-881C-93F60F08FC90}.Debug|iPhone.ActiveCfg = Debug|iPhone
		{FC099552-2820-4E07-881C-93F60F08FC90}.Debug|iPhone.Build.0 = Debug|iPhone
		{FC099552-2820-4E07-881C-93F60F08FC90}.Debug|iPhoneSimulator.ActiveCfg = Debug|iPhoneSimulator
		{FC099552-2820-4E07-881C-93F60F08FC90}.Debug|iPhoneSimulator.Build.0 = Debug|iPhoneSimulator
		{FC099552-2820-4E07-881C-93F60F08FC90}.Release|Any CPU.ActiveCfg = Release|iPhone
		{FC099552-2820-4E07-881C-93F60F08FC90}.Release|iPhone.ActiveCfg = Release|iPhone
		{FC099552-2820-4E07-881C-93F60F08FC90}.Release|iPhone.Build.0 = Release|iPhone
		{FC099552-2820-4E07-881C-93F60F08FC90}.Release|iPhoneSimulator.ActiveCfg = Release|iPhoneSimulator
		{FC099552-2820-4E07-881C-93F60F08FC90}.Release|iPhoneSimulator.Build.0 = Release|iPhoneSimulator
		{C4D16617-A7C0-4DDE-B31F-88C009916420}.Ad-Hoc|Any CPU.ActiveCfg = Debug|Any CPU
		{C4D16617-A7C0-4DDE-B31F-88C009916420}.Ad-Hoc|Any CPU.Build.0 = Debug|Any CPU
		{C4D16617-A7C0-4DDE-B31F-88C009916420}.Ad-Hoc|iPhone.ActiveCfg = Debug|Any CPU
		{C4D16617-A7C0-4DDE-B31F-88C009916420}.Ad-Hoc|iPhone.Build.0 = Debug|Any CPU
		{C4D16617-A7C0-4DDE-B31F-88C009916420}.Ad-Hoc|iPhoneSimulator.ActiveCfg = Debug|Any CPU
		{C4D16617-A7C0-4DDE-B31F-88C009916420}.Ad-Hoc|iPhoneSimulator.Build.0 = Debug|Any CPU
		{C4D16617-A7C0-4DDE-B31F-88C009916420}.AppStore|Any CPU.ActiveCfg = Debug|Any CPU
		{C4D16617-A7C0-4DDE-B31F-88C009916420}.AppStore|Any CPU.Build.0 = Debug|Any CPU
		{C4D16617-A7C0-4DDE-B31F-88C009916420}.AppStore|iPhone.ActiveCfg = Debug|Any CPU
		{C4D16617-A7C0-4DDE-B31F-88C009916420}.AppStore|iPhone.Build.0 = Debug|Any CPU
		{C4D16617-A7C0-4DDE-B31F-88C009916420}.AppStore|iPhoneSimulator.ActiveCfg = Debug|Any CPU
		{C4D16617-A7C0-4DDE-B31F-88C009916420}.AppStore|iPhoneSimulator.Build.0 = Debug|Any CPU
		{C4D16617-A7C0-4DDE-B31F-88C009916420}.Debug|Any CPU.ActiveCfg = Debug|Any CPU
		{C4D16617-A7C0-4DDE-B31F-88C009916420}.Debug|Any CPU.Build.0 = Debug|Any CPU
		{C4D16617-A7C0-4DDE-B31F-88C009916420}.Debug|iPhone.ActiveCfg = Debug|Any CPU
		{C4D16617-A7C0-4DDE-B31F-88C009916420}.Debug|iPhone.Build.0 = Debug|Any CPU
		{C4D16617-A7C0-4DDE-B31F-88C009916420}.Debug|iPhoneSimulator.ActiveCfg = Debug|Any CPU
		{C4D16617-A7C0-4DDE-B31F-88C009916420}.Debug|iPhoneSimulator.Build.0 = Debug|Any CPU
		{C4D16617-A7C0-4DDE-B31F-88C009916420}.Release|Any CPU.ActiveCfg = Release|Any CPU
		{C4D16617-A7C0-4DDE-B31F-88C009916420}.Release|Any CPU.Build.0 = Release|Any CPU
		{C4D16617-A7C0-4DDE-B31F-88C009916420}.Release|iPhone.ActiveCfg = Release|Any CPU
		{C4D16617-A7C0-4DDE-B31F-88C009916420}.Release|iPhone.Build.0 = Release|Any CPU
		{C4D16617-A7C0-4DDE-B31F-88C009916420}.Release|iPhoneSimulator.ActiveCfg = Release|Any CPU
		{C4D16617-A7C0-4DDE-B31F-88C009916420}.Release|iPhoneSimulator.Build.0 = Release|Any CPU
	EndGlobalSection
	GlobalSection(SolutionProperties) = preSolution
		HideSolutionNode = FALSE
	EndGlobalSection
	GlobalSection(ExtensibilityGlobals) = postSolution
		SolutionGuid = {0BFA7BED-B2A0-4B76-B579-D3131668B8B1}
	EndGlobalSection
EndGlobal
